
Microsoft Visual Studio Solution File, Format Version 12.00
# Visual Studio Version 17
VisualStudioVersion = 17.0.31903.59
MinimumVisualStudioVersion = 10.0.40219.1
Project("{FAE04EC0-301F-11D3-BF4B-00C04F79EFBC}") = "GreendaleRegistrar.Web", "GreendaleRegistrar.Web\GreendaleRegistrar.Web.csproj", "{B930EECF-E49B-4F24-8B58-A1C7595686F8}"
EndProject
Project("{FAE04EC0-301F-11D3-BF4B-00C04F79EFBC}") = "GreendaleRegistrar.Tests", "GreendaleRegistrar.Tests\GreendaleRegistrar.Tests.csproj", "{2AE2F99B-2E6B-4A6B-976B-575CF44A0DF5}"
EndProject
Global
	GlobalSection(SolutionConfigurationPlatforms) = preSolution
		Debug|Any CPU = Debug|Any CPU
		Release|Any CPU = Release|Any CPU
	EndGlobalSection
	GlobalSection(SolutionProperties) = preSolution
		HideSolutionNode = FALSE
	EndGlobalSection
	GlobalSection(ProjectConfigurationPlatforms) = postSolution
		{B930EECF-E49B-4F24-8B58-A1C7595686F8}.Debug|Any CPU.ActiveCfg = Debug|Any CPU
		{B930EECF-E49B-4F24-8B58-A1C7595686F8}.Debug|Any CPU.Build.0 = Debug|Any CPU
		{B930EECF-E49B-4F24-8B58-A1C7595686F8}.Release|Any CPU.ActiveCfg = Release|Any CPU
		{B930EECF-E49B-4F24-8B58-A1C7595686F8}.Release|Any CPU.Build.0 = Release|Any CPU
		{2AE2F99B-2E6B-4A6B-976B-575CF44A0DF5}.Debug|Any CPU.ActiveCfg = Debug|Any CPU
		{2AE2F99B-2E6B-4A6B-976B-575CF44A0DF5}.Debug|Any CPU.Build.0 = Debug|Any CPU
		{2AE2F99B-2E6B-4A6B-976B-575CF44A0DF5}.Release|Any CPU.ActiveCfg = Release|Any CPU
		{2AE2F99B-2E6B-4A6B-976B-575CF44A0DF5}.Release|Any CPU.Build.0 = Release|Any CPU
	EndGlobalSection
EndGlobal
